
Microsoft Visual Studio Solution File, Format Version 12.00
# Visual Studio 2012
Project("{FAE04EC0-301F-11D3-BF4B-00C04F79EFBC}") = "SiphoningStrike", "SiphoningStrike\SiphoningStrike.csproj", "{867706D6-6A19-4718-B154-07F1D5E1D89C}"
EndProject
Project("{FAE04EC0-301F-11D3-BF4B-00C04F79EFBC}") = "PacketDumper", "PacketDumper\PacketDumper.csproj", "{F5C5BC86-9ACA-4F12-8184-F88616CB6D97}"
EndProject
Global
	GlobalSection(SolutionConfigurationPlatforms) = preSolution
		Debug|Any CPU = Debug|Any CPU
		Release|Any CPU = Release|Any CPU
	EndGlobalSection
	GlobalSection(ProjectConfigurationPlatforms) = postSolution
		{867706D6-6A19-4718-B154-07F1D5E1D89C}.Debug|Any CPU.ActiveCfg = Debug|Any CPU
		{867706D6-6A19-4718-B154-07F1D5E1D89C}.Debug|Any CPU.Build.0 = Debug|Any CPU
		{867706D6-6A19-4718-B154-07F1D5E1D89C}.Release|Any CPU.ActiveCfg = Release|Any CPU
		{867706D6-6A19-4718-B154-07F1D5E1D89C}.Release|Any CPU.Build.0 = Release|Any CPU
		{F5C5BC86-9ACA-4F12-8184-F88616CB6D97}.Debug|Any CPU.ActiveCfg = Debug|Any CPU
		{F5C5BC86-9ACA-4F12-8184-F88616CB6D97}.Debug|Any CPU.Build.0 = Debug|Any CPU
		{F5C5BC86-9ACA-4F12-8184-F88616CB6D97}.Release|Any CPU.ActiveCfg = Release|Any CPU
		{F5C5BC86-9ACA-4F12-8184-F88616CB6D97}.Release|Any CPU.Build.0 = Release|Any CPU
	EndGlobalSection
EndGlobal
